
Microsoft Visual Studio Solution File, Format Version 12.00
# Visual Studio Version 17
VisualStudioVersion = 17.6.33829.357
MinimumVisualStudioVersion = 10.0.40219.1
Project("{9A19103F-16F7-4668-BE54-9A1E7A4F7556}") = "BridgeLabsShop.Web", "BridgeLabsShop.Web\BridgeLabsShop.Web.csproj", "{29C633AA-512E-4E12-BDD3-FDE0E0EA86FC}"
EndProject
Project("{9A19103F-16F7-4668-BE54-9A1E7A4F7556}") = "BridgeLabsShop.Api", "BridgeLabsShop.Api\BridgeLabsShop.Api.csproj", "{A582ABB0-FC82-43DE-BD1C-414BA0C5B8B6}"
EndProject
Project("{FAE04EC0-301F-11D3-BF4B-00C04F79EFBC}") = "BridgeLabsShop.Models", "BridgeLabsShop.Models\BridgeLabsShop.Models.csproj", "{644F9466-2778-4899-8566-A16C6EA77459}"
EndProject
Global
	GlobalSection(SolutionConfigurationPlatforms) = preSolution
		Debug|Any CPU = Debug|Any CPU
		Release|Any CPU = Release|Any CPU
	EndGlobalSection
	GlobalSection(ProjectConfigurationPlatforms) = postSolution
		{29C633AA-512E-4E12-BDD3-FDE0E0EA86FC}.Debug|Any CPU.ActiveCfg = Debug|Any CPU
		{29C633AA-512E-4E12-BDD3-FDE0E0EA86FC}.Debug|Any CPU.Build.0 = Debug|Any CPU
		{29C633AA-512E-4E12-BDD3-FDE0E0EA86FC}.Release|Any CPU.ActiveCfg = Release|Any CPU
		{29C633AA-512E-4E12-BDD3-FDE0E0EA86FC}.Release|Any CPU.Build.0 = Release|Any CPU
		{A582ABB0-FC82-43DE-BD1C-414BA0C5B8B6}.Debug|Any CPU.ActiveCfg = Debug|Any CPU
		{A582ABB0-FC82-43DE-BD1C-414BA0C5B8B6}.Debug|Any CPU.Build.0 = Debug|Any CPU
		{A582ABB0-FC82-43DE-BD1C-414BA0C5B8B6}.Release|Any CPU.ActiveCfg = Release|Any CPU
		{A582ABB0-FC82-43DE-BD1C-414BA0C5B8B6}.Release|Any CPU.Build.0 = Release|Any CPU
		{644F9466-2778-4899-8566-A16C6EA77459}.Debug|Any CPU.ActiveCfg = Debug|Any CPU
		{644F9466-2778-4899-8566-A16C6EA77459}.Debug|Any CPU.Build.0 = Debug|Any CPU
		{644F9466-2778-4899-8566-A16C6EA77459}.Release|Any CPU.ActiveCfg = Release|Any CPU
		{644F9466-2778-4899-8566-A16C6EA77459}.Release|Any CPU.Build.0 = Release|Any CPU
	EndGlobalSection
	GlobalSection(SolutionProperties) = preSolution
		HideSolutionNode = FALSE
	EndGlobalSection
	GlobalSection(ExtensibilityGlobals) = postSolution
		SolutionGuid = {CC2A84F3-0657-4275-85C0-4721CA742D83}
	EndGlobalSection
EndGlobal
